Microsoft Visual Studio Solution File, Format Version 12.00
# Visual Studio 14
VisualStudioVersion = 14.0.25123.0
MinimumVisualStudioVersion = 10.0.40219.1
Project("{E24C65DC-7377-472B-9ABA-BC803B73C61A}") = "103258 - RBAPPEDITOR-COMPONENT", "http://localhost:52627", "{86272764-ED16-4D31-B181-1BEE6D79561D}"
	ProjectSection(WebsiteProperties) = preProject
		UseIISExpress = "true"
		TargetFrameworkMoniker = ".NETFramework,Version%3Dv4.5"
		Debug.AspNetCompiler.VirtualPath = "/localhost_52627"
		Debug.AspNetCompiler.PhysicalPath = "..\103012 - ngCoaList\"
		Debug.AspNetCompiler.TargetPath = "PrecompiledWeb\localhost_52627\"
		Debug.AspNetCompiler.Updateable = "true"
		Debug.AspNetCompiler.ForceOverwrite = "true"
		Debug.AspNetCompiler.FixedNames = "false"
		Debug.AspNetCompiler.Debug = "True"
		Release.AspNetCompiler.VirtualPath = "/localhost_52627"
		Release.AspNetCompiler.PhysicalPath = "..\103012 - ngCoaList\"
		Release.AspNetCompiler.TargetPath = "PrecompiledWeb\localhost_52627\"
		Release.AspNetCompiler.Updateable = "true"
		Release.AspNetCompiler.ForceOverwrite = "true"
		Release.AspNetCompiler.FixedNames = "false"
		Release.AspNetCompiler.Debug = "False"
		SlnRelativePath = "..\103012 - ngCoaList\"
	EndProjectSection
EndProject
Global
	GlobalSection(SolutionConfigurationPlatforms) = preSolution
		Debug|Any CPU = Debug|Any CPU
	EndGlobalSection
	GlobalSection(ProjectConfigurationPlatforms) = postSolution
		{86272764-ED16-4D31-B181-1BEE6D79561D}.Debug|Any CPU.ActiveCfg = Debug|Any CPU
		{86272764-ED16-4D31-B181-1BEE6D79561D}.Debug|Any CPU.Build.0 = Debug|Any CPU
	EndGlobalSection
	GlobalSection(SolutionProperties) = preSolution
		HideSolutionNode = TRUE
	EndGlobalSection
EndGlobal
